
Microsoft Visual Studio Solution File, Format Version 12.00
# Visual Studio Version 16
VisualStudioVersion = 16.0.31105.61
MinimumVisualStudioVersion = 10.0.40219.1
Project("{FAE04EC0-301F-11D3-BF4B-00C04F79EFBC}") = "Projeto 4", "Projeto 4\Projeto 4.csproj", "{8D337536-DF9D-48F7-9CD2-B4E9756C87EC}"
EndProject
Global
	GlobalSection(SolutionConfigurationPlatforms) = preSolution
		Debug|Any CPU = Debug|Any CPU
		Release|Any CPU = Release|Any CPU
	EndGlobalSection
	GlobalSection(ProjectConfigurationPlatforms) = postSolution
		{8D337536-DF9D-48F7-9CD2-B4E9756C87EC}.Debug|Any CPU.ActiveCfg = Debug|Any CPU
		{8D337536-DF9D-48F7-9CD2-B4E9756C87EC}.Debug|Any CPU.Build.0 = Debug|Any CPU
		{8D337536-DF9D-48F7-9CD2-B4E9756C87EC}.Release|Any CPU.ActiveCfg = Release|Any CPU
		{8D337536-DF9D-48F7-9CD2-B4E9756C87EC}.Release|Any CPU.Build.0 = Release|Any CPU
	EndGlobalSection
	GlobalSection(SolutionProperties) = preSolution
		HideSolutionNode = FALSE
	EndGlobalSection
	GlobalSection(ExtensibilityGlobals) = postSolution
		SolutionGuid = {2F895A74-5FCD-4A0D-9AC4-077A37F68054}
	EndGlobalSection
EndGlobal
